
Microsoft Visual Studio Solution File, Format Version 12.00
# Visual Studio Version 16
VisualStudioVersion = 16.0.31515.178
MinimumVisualStudioVersion = 10.0.40219.1
Project("{888888A0-9F3D-457C-B088-3A5042F75D52}") = "Week6Lab1 (Invoice Line Item Calculator)", "Week6Lab1 (Invoice Line Item Calculator).pyproj", "{1F9DD167-0106-40E0-9025-FF09DB3010F1}"
EndProject
Global
	GlobalSection(SolutionConfigurationPlatforms) = preSolution
		Debug|Any CPU = Debug|Any CPU
		Release|Any CPU = Release|Any CPU
	EndGlobalSection
	GlobalSection(ProjectConfigurationPlatforms) = postSolution
		{1F9DD167-0106-40E0-9025-FF09DB3010F1}.Debug|Any CPU.ActiveCfg = Debug|Any CPU
		{1F9DD167-0106-40E0-9025-FF09DB3010F1}.Release|Any CPU.ActiveCfg = Release|Any CPU
	EndGlobalSection
	GlobalSection(SolutionProperties) = preSolution
		HideSolutionNode = FALSE
	EndGlobalSection
	GlobalSection(ExtensibilityGlobals) = postSolution
		SolutionGuid = {3F2F18FD-BD3C-4648-AF6C-FA13AC472A8C}
	EndGlobalSection
EndGlobal
